// !$*UTF8*$!
{
	archiveVersion = 1;
	classes = {
	};
	objectVersion = 46;
	objects = {

/* Begin PBXBuildFile section */
		3A767C0E176DF65D59675876 /* libPods.a in Frameworks */ = {isa = PBXBuildFile; fileRef = 4282304153E50A1319E34592 /* libPods.a */; };
		F95F56E81CB895E300A70613 /* DHMainTableViewCell.m in Sources */ = {isa = PBXBuildFile; fileRef = F95F56E71CB895E300A70613 /* DHMainTableViewCell.m */; };
		F95F56EB1CB8980100A70613 /* DHChapterBasicController.m in Sources */ = {isa = PBXBuildFile; fileRef = F95F56EA1CB8980100A70613 /* DHChapterBasicController.m */; };
		F95F56EE1CB89C4600A70613 /* DHCategoryController.m in Sources */ = {isa = PBXBuildFile; fileRef = F95F56ED1CB89C4600A70613 /* DHCategoryController.m */; };
		F9C841071CB772A600C1965F /* DHChooseAnswerView.m in Sources */ = {isa = PBXBuildFile; fileRef = F9C841061CB772A600C1965F /* DHChooseAnswerView.m */; };
		F9C8410A1CB8158A00C1965F /* DHChapterExerciseViewController.m in Sources */ = {isa = PBXBuildFile; fileRef = F9C841091CB8158A00C1965F /* DHChapterExerciseViewController.m */; };
		F9C8410D1CB815D900C1965F /* DHChapterExercise.m in Sources */ = {isa = PBXBuildFile; fileRef = F9C8410C1CB815D900C1965F /* DHChapterExercise.m */; };
		F9D2C6F11CB6282D00DA750C /* main.m in Sources */ = {isa = PBXBuildFile; fileRef = F9D2C6F01CB6282D00DA750C /* main.m */; };
		F9D2C6F41CB6282D00DA750C /* AppDelegate.m in Sources */ = {isa = PBXBuildFile; fileRef = F9D2C6F31CB6282D00DA750C /* AppDelegate.m */; };
		F9D2C6FC1CB6282D00DA750C /* Assets.xcassets in Resources */ = {isa = PBXBuildFile; fileRef = F9D2C6FB1CB6282D00DA750C /* Assets.xcassets */; };
		F9D2C70E1CB630ED00DA750C /* DHNavController.m in Sources */ = {isa = PBXBuildFile; fileRef = F9D2C70D1CB630ED00DA750C /* DHNavController.m */; };
		F9D2C7131CB632C500DA750C /* UIView+DHAdd.m in Sources */ = {isa = PBXBuildFile; fileRef = F9D2C7121CB632C500DA750C /* UIView+DHAdd.m */; };
		F9D2C7161CB6345500DA750C /* DHMainViewController.m in Sources */ = {isa = PBXBuildFile; fileRef = F9D2C7151CB6345500DA750C /* DHMainViewController.m */; };
		F9D2C71F1CB66B4D00DA750C /* DHExamViewController.m in Sources */ = {isa = PBXBuildFile; fileRef = F9D2C71E1CB66B4D00DA750C /* DHExamViewController.m */; };
		F9D2C7221CB66F6B00DA750C /* DHSqliteTool.m in Sources */ = {isa = PBXBuildFile; fileRef = F9D2C7211CB66F6B00DA750C /* DHSqliteTool.m */; };
		F9D2C7251CB6708300DA750C /* DHDriverExam.m in Sources */ = {isa = PBXBuildFile; fileRef = F9D2C7241CB6708300DA750C /* DHDriverExam.m */; };
		F9D2C7291CB6770200DA750C /* examine.db in Resources */ = {isa = PBXBuildFile; fileRef = F9D2C7281CB6770200DA750C /* examine.db */; };
		F9D2C72C1CB67D3800DA750C /* DHExamCollectionViewCell.m in Sources */ = {isa = PBXBuildFile; fileRef = F9D2C72B1CB67D3800DA750C /* DHExamCollectionViewCell.m */; };
		F9D2C72F1CB67EBF00DA750C /* UIColor+randomColor.m in Sources */ = {isa = PBXBuildFile; fileRef = F9D2C72E1CB67EBF00DA750C /* UIColor+randomColor.m */; };
		F9D2C7321CB68A7000DA750C /* DHQuestionView.m in Sources */ = {isa = PBXBuildFile; fileRef = F9D2C7311CB68A7000DA750C /* DHQuestionView.m */; };
		F9D2C7381CB6AD5200DA750C /* NSString+DHTextSize.m in Sources */ = {isa = PBXBuildFile; fileRef = F9D2C7371CB6AD5200DA750C /* NSString+DHTextSize.m */; };
		F9D2C73A1CB6BAD100DA750C /* picture.bundle in Resources */ = {isa = PBXBuildFile; fileRef = F9D2C7391CB6BAD100DA750C /* picture.bundle */; };
/* End PBXBuildFile section */

/* Begin PBXFileReference section */
		4282304153E50A1319E34592 /* libPods.a */ = {isa = PBXFileReference; explicitFileType = archive.ar; includeInIndex = 0; path = libPods.a; sourceTree = BUILT_PRODUCTS_DIR; };
		B4DB430DCACC531DF3BF5ABB /* Pods.release.xcconfig */ = {isa = PBXFileReference; includeInIndex = 1; lastKnownFileType = text.xcconfig; name = Pods.release.xcconfig; path = "Pods/Target Support Files/Pods/Pods.release.xcconfig"; sourceTree = "<group>"; };
		BF839E23788B1B14DD8877EF /* Pods.debug.xcconfig */ = {isa = PBXFileReference; includeInIndex = 1; lastKnownFileType = text.xcconfig; name = Pods.debug.xcconfig; path = "Pods/Target Support Files/Pods/Pods.debug.xcconfig"; sourceTree = "<group>"; };
		F95F56E61CB895E300A70613 /* DHMainTableViewCell.h */ = {isa = PBXFileReference; fileEncoding = 4; lastKnownFileType = sourcecode.c.h; name = DHMainTableViewCell.h; path = ../Controller/DHMainTableViewCell.h; sourceTree = "<group>"; };
		F95F56E71CB895E300A70613 /* DHMainTableViewCell.m */ = {isa = PBXFileReference; fileEncoding = 4; lastKnownFileType = sourcecode.c.objc; name = DHMainTableViewCell.m; path = ../Controller/DHMainTableViewCell.m; sourceTree = "<group>"; };
		F95F56E91CB8980100A70613 /* DHChapterBasicController.h */ = {isa = PBXFileReference; fileEncoding = 4; lastKnownFileType = sourcecode.c.h; path = DHChapterBasicController.h; sourceTree = "<group>"; };
		F95F56EA1CB8980100A70613 /* DHChapterBasicController.m */ = {isa = PBXFileReference; fileEncoding = 4; lastKnownFileType = sourcecode.c.objc; path = DHChapterBasicController.m; sourceTree = "<group>"; };
		F95F56EC1CB89C4600A70613 /* DHCategoryController.h */ = {isa = PBXFileReference; fileEncoding = 4; lastKnownFileType = sourcecode.c.h; path = DHCategoryController.h; sourceTree = "<group>"; };
		F95F56ED1CB89C4600A70613 /* DHCategoryController.m */ = {isa = PBXFileReference; fileEncoding = 4; lastKnownFileType = sourcecode.c.objc; path = DHCategoryController.m; sourceTree = "<group>"; };
		F9C841051CB772A600C1965F /* DHChooseAnswerView.h */ = {isa = PBXFileReference; fileEncoding = 4; lastKnownFileType = sourcecode.c.h; path = DHChooseAnswerView.h; sourceTree = "<group>"; };
		F9C841061CB772A600C1965F /* DHChooseAnswerView.m */ = {isa = PBXFileReference; fileEncoding = 4; lastKnownFileType = sourcecode.c.objc; path = DHChooseAnswerView.m; sourceTree = "<group>"; };
		F9C841081CB8158A00C1965F /* DHChapterExerciseViewController.h */ = {isa = PBXFileReference; fileEncoding = 4; lastKnownFileType = sourcecode.c.h; path = DHChapterExerciseViewController.h; sourceTree = "<group>"; };
		F9C841091CB8158A00C1965F /* DHChapterExerciseViewController.m */ = {isa = PBXFileReference; fileEncoding = 4; lastKnownFileType = sourcecode.c.objc; path = DHChapterExerciseViewController.m; sourceTree = "<group>"; };
		F9C8410B1CB815D900C1965F /* DHChapterExercise.h */ = {isa = PBXFileReference; fileEncoding = 4; lastKnownFileType = sourcecode.c.h; path = DHChapterExercise.h; sourceTree = "<group>"; };
		F9C8410C1CB815D900C1965F /* DHChapterExercise.m */ = {isa = PBXFileReference; fileEncoding = 4; lastKnownFileType = sourcecode.c.objc; path = DHChapterExercise.m; sourceTree = "<group>"; };
		F9D2C6EC1CB6282D00DA750C /* DHDriverExamOne.app */ = {isa = PBXFileReference; explicitFileType = wrapper.application; includeInIndex = 0; path = DHDriverExamOne.app; sourceTree = BUILT_PRODUCTS_DIR; };
		F9D2C6F01CB6282D00DA750C /* main.m */ = {isa = PBXFileReference; lastKnownFileType = sourcecode.c.objc; path = main.m; sourceTree = "<group>"; };
		F9D2C6F21CB6282D00DA750C /* AppDelegate.h */ = {isa = PBXFileReference; lastKnownFileType = sourcecode.c.h; path = AppDelegate.h; sourceTree = "<group>"; };
		F9D2C6F31CB6282D00DA750C /* AppDelegate.m */ = {isa = PBXFileReference; lastKnownFileType = sourcecode.c.objc; path = AppDelegate.m; sourceTree = "<group>"; };
		F9D2C6FB1CB6282D00DA750C /* Assets.xcassets */ = {isa = PBXFileReference; lastKnownFileType = folder.assetcatalog; path = Assets.xcassets; sourceTree = "<group>"; };
		F9D2C7001CB6282D00DA750C /* Info.plist */ = {isa = PBXFileReference; lastKnownFileType = text.plist.xml; path = Info.plist; sourceTree = "<group>"; };
		F9D2C70C1CB630ED00DA750C /* DHNavController.h */ = {isa = PBXFileReference; fileEncoding = 4; lastKnownFileType = sourcecode.c.h; path = DHNavController.h; sourceTree = "<group>"; };
		F9D2C70D1CB630ED00DA750C /* DHNavController.m */ = {isa = PBXFileReference; fileEncoding = 4; lastKnownFileType = sourcecode.c.objc; path = DHNavController.m; sourceTree = "<group>"; };
		F9D2C70F1CB6313A00DA750C /* PrefixHeader.pch */ = {isa = PBXFileReference; lastKnownFileType = sourcecode.c.h; path = PrefixHeader.pch; sourceTree = "<group>"; };
		F9D2C7101CB6326B00DA750C /* common.h */ = {isa = PBXFileReference; lastKnownFileType = sourcecode.c.h; path = common.h; sourceTree = "<group>"; };
		F9D2C7111CB632C500DA750C /* UIView+DHAdd.h */ = {isa = PBXFileReference; fileEncoding = 4; lastKnownFileType = sourcecode.c.h; path = "UIView+DHAdd.h"; sourceTree = "<group>"; };
		F9D2C7121CB632C500DA750C /* UIView+DHAdd.m */ = {isa = PBXFileReference; fileEncoding = 4; lastKnownFileType = sourcecode.c.objc; path = "UIView+DHAdd.m"; sourceTree = "<group>"; };
		F9D2C7141CB6345500DA750C /* DHMainViewController.h */ = {isa = PBXFileReference; fileEncoding = 4; lastKnownFileType = sourcecode.c.h; path = DHMainViewController.h; sourceTree = "<group>"; };
		F9D2C7151CB6345500DA750C /* DHMainViewController.m */ = {isa = PBXFileReference; fileEncoding = 4; lastKnownFileType = sourcecode.c.objc; path = DHMainViewController.m; sourceTree = "<group>"; };
		F9D2C71D1CB66B4D00DA750C /* DHExamViewController.h */ = {isa = PBXFileReference; fileEncoding = 4; lastKnownFileType = sourcecode.c.h; path = DHExamViewController.h; sourceTree = "<group>"; };
		F9D2C71E1CB66B4D00DA750C /* DHExamViewController.m */ = {isa = PBXFileReference; fileEncoding = 4; lastKnownFileType = sourcecode.c.objc; path = DHExamViewController.m; sourceTree = "<group>"; };
		F9D2C7201CB66F6B00DA750C /* DHSqliteTool.h */ = {isa = PBXFileReference; fileEncoding = 4; lastKnownFileType = sourcecode.c.h; path = DHSqliteTool.h; sourceTree = "<group>"; };
		F9D2C7211CB66F6B00DA750C /* DHSqliteTool.m */ = {isa = PBXFileReference; fileEncoding = 4; lastKnownFileType = sourcecode.c.objc; path = DHSqliteTool.m; sourceTree = "<group>"; };
		F9D2C7231CB6708300DA750C /* DHDriverExam.h */ = {isa = PBXFileReference; fileEncoding = 4; lastKnownFileType = sourcecode.c.h; path = DHDriverExam.h; sourceTree = "<group>"; };
		F9D2C7241CB6708300DA750C /* DHDriverExam.m */ = {isa = PBXFileReference; fileEncoding = 4; lastKnownFileType = sourcecode.c.objc; path = DHDriverExam.m; sourceTree = "<group>"; };
		F9D2C7281CB6770200DA750C /* examine.db */ = {isa = PBXFileReference; lastKnownFileType = file; path = examine.db; sourceTree = "<group>"; };
		F9D2C72A1CB67D3800DA750C /* DHExamCollectionViewCell.h */ = {isa = PBXFileReference; fileEncoding = 4; lastKnownFileType = sourcecode.c.h; path = DHExamCollectionViewCell.h; sourceTree = "<group>"; };
		F9D2C72B1CB67D3800DA750C /* DHExamCollectionViewCell.m */ = {isa = PBXFileReference; fileEncoding = 4; lastKnownFileType = sourcecode.c.objc; path = DHExamCollectionViewCell.m; sourceTree = "<group>"; };
		F9D2C72D1CB67EBF00DA750C /* UIColor+randomColor.h */ = {isa = PBXFileReference; fileEncoding = 4; lastKnownFileType = sourcecode.c.h; path = "UIColor+randomColor.h"; sourceTree = "<group>"; };
		F9D2C72E1CB67EBF00DA750C /* UIColor+randomColor.m */ = {isa = PBXFileReference; fileEncoding = 4; lastKnownFileType = sourcecode.c.objc; path = "UIColor+randomColor.m"; sourceTree = "<group>"; };
		F9D2C7301CB68A7000DA750C /* DHQuestionView.h */ = {isa = PBXFileReference; fileEncoding = 4; lastKnownFileType = sourcecode.c.h; path = DHQuestionView.h; sourceTree = "<group>"; };
		F9D2C7311CB68A7000DA750C /* DHQuestionView.m */ = {isa = PBXFileReference; fileEncoding = 4; lastKnownFileType = sourcecode.c.objc; path = DHQuestionView.m; sourceTree = "<group>"; };
		F9D2C7361CB6AD5200DA750C /* NSString+DHTextSize.h */ = {isa = PBXFileReference; fileEncoding = 4; lastKnownFileType = sourcecode.c.h; path = "NSString+DHTextSize.h"; sourceTree = "<group>"; };
		F9D2C7371CB6AD5200DA750C /* NSString+DHTextSize.m */ = {isa = PBXFileReference; fileEncoding = 4; lastKnownFileType = sourcecode.c.objc; path = "NSString+DHTextSize.m"; sourceTree = "<group>"; };
		F9D2C7391CB6BAD100DA750C /* picture.bundle */ = {isa = PBXFileReference; lastKnownFileType = "wrapper.plug-in"; path = picture.bundle; sourceTree = "<group>"; };
/* End PBXFileReference section */

/* Begin PBXFrameworksBuildPhase section */
		F9D2C6E91CB6282D00DA750C /* Frameworks */ = {
			isa = PBXFrameworksBuildPhase;
			buildActionMask = 2147483647;
			files = (
				3A767C0E176DF65D59675876 /* libPods.a in Frameworks */,
			);
			runOnlyForDeploymentPostprocessing = 0;
		};
/* End PBXFrameworksBuildPhase section */

/* Begin PBXGroup section */
		8CF1760FAC1A483113918760 /* Pods */ = {
			isa = PBXGroup;
			children = (
				BF839E23788B1B14DD8877EF /* Pods.debug.xcconfig */,
				B4DB430DCACC531DF3BF5ABB /* Pods.release.xcconfig */,
			);
			name = Pods;
			sourceTree = "<group>";
		};
		9FCB0D6AB82917440FF15B41 /* Frameworks */ = {
			isa = PBXGroup;
			children = (
				4282304153E50A1319E34592 /* libPods.a */,
			);
			name = Frameworks;
			sourceTree = "<group>";
		};
		F9D2C6E31CB6282D00DA750C = {
			isa = PBXGroup;
			children = (
				F9D2C6EE1CB6282D00DA750C /* DHDriverExamOne */,
				F9D2C6ED1CB6282D00DA750C /* Products */,
				8CF1760FAC1A483113918760 /* Pods */,
				9FCB0D6AB82917440FF15B41 /* Frameworks */,
			);
			sourceTree = "<group>";
		};
		F9D2C6ED1CB6282D00DA750C /* Products */ = {
			isa = PBXGroup;
			children = (
				F9D2C6EC1CB6282D00DA750C /* DHDriverExamOne.app */,
			);
			name = Products;
			sourceTree = "<group>";
		};
		F9D2C6EE1CB6282D00DA750C /* DHDriverExamOne */ = {
			isa = PBXGroup;
			children = (
				F9D2C6F21CB6282D00DA750C /* AppDelegate.h */,
				F9D2C6F31CB6282D00DA750C /* AppDelegate.m */,
				F9D2C7061CB630CD00DA750C /* Classes */,
				F9D2C6FB1CB6282D00DA750C /* Assets.xcassets */,
				F9D2C7391CB6BAD100DA750C /* picture.bundle */,
				F9D2C7281CB6770200DA750C /* examine.db */,
				F9D2C7001CB6282D00DA750C /* Info.plist */,
				F9D2C6EF1CB6282D00DA750C /* Supporting Files */,
			);
			path = DHDriverExamOne;
			sourceTree = "<group>";
		};
		F9D2C6EF1CB6282D00DA750C /* Supporting Files */ = {
			isa = PBXGroup;
			children = (
				F9D2C6F01CB6282D00DA750C /* main.m */,
			);
			name = "Supporting Files";
			sourceTree = "<group>";
		};
		F9D2C7061CB630CD00DA750C /* Classes */ = {
			isa = PBXGroup;
			children = (
				F9D2C7071CB630CD00DA750C /* Main */,
				F9D2C70B1CB630CD00DA750C /* Tool */,
			);
			path = Classes;
			sourceTree = "<group>";
		};
		F9D2C7071CB630CD00DA750C /* Main */ = {
			isa = PBXGroup;
			children = (
				F9D2C7081CB630CD00DA750C /* Controller */,
				F9D2C7091CB630CD00DA750C /* Model */,
				F9D2C70A1CB630CD00DA750C /* View */,
			);
			path = Main;
			sourceTree = "<group>";
		};
		F9D2C7081CB630CD00DA750C /* Controller */ = {
			isa = PBXGroup;
			children = (
				F9D2C70C1CB630ED00DA750C /* DHNavController.h */,
				F9D2C70D1CB630ED00DA750C /* DHNavController.m */,
				F9D2C7141CB6345500DA750C /* DHMainViewController.h */,
				F9D2C7151CB6345500DA750C /* DHMainViewController.m */,
				F9D2C71D1CB66B4D00DA750C /* DHExamViewController.h */,
				F9D2C71E1CB66B4D00DA750C /* DHExamViewController.m */,
				F9C841081CB8158A00C1965F /* DHChapterExerciseViewController.h */,
				F9C841091CB8158A00C1965F /* DHChapterExerciseViewController.m */,
				F95F56E91CB8980100A70613 /* DHChapterBasicController.h */,
				F95F56EC1CB89C4600A70613 /* DHCategoryController.h */,
				F95F56EA1CB8980100A70613 /* DHChapterBasicController.m */,
				F95F56ED1CB89C4600A70613 /* DHCategoryController.m */,
			);
			path = Controller;
			sourceTree = "<group>";
		};
		F9D2C7091CB630CD00DA750C /* Model */ = {
			isa = PBXGroup;
			children = (
				F95F56E61CB895E300A70613 /* DHMainTableViewCell.h */,
				F95F56E71CB895E300A70613 /* DHMainTableViewCell.m */,
				F9D2C7231CB6708300DA750C /* DHDriverExam.h */,
				F9D2C7241CB6708300DA750C /* DHDriverExam.m */,
				F9C8410B1CB815D900C1965F /* DHChapterExercise.h */,
				F9C8410C1CB815D900C1965F /* DHChapterExercise.m */,
			);
			path = Model;
			sourceTree = "<group>";
		};
		F9D2C70A1CB630CD00DA750C /* View */ = {
			isa = PBXGroup;
			children = (
				F9D2C72A1CB67D3800DA750C /* DHExamCollectionViewCell.h */,
				F9D2C72B1CB67D3800DA750C /* DHExamCollectionViewCell.m */,
				F9D2C7301CB68A7000DA750C /* DHQuestionView.h */,
				F9D2C7311CB68A7000DA750C /* DHQuestionView.m */,
				F9C841051CB772A600C1965F /* DHChooseAnswerView.h */,
				F9C841061CB772A600C1965F /* DHChooseAnswerView.m */,
			);
			path = View;
			sourceTree = "<group>";
		};
		F9D2C70B1CB630CD00DA750C /* Tool */ = {
			isa = PBXGroup;
			children = (
				F9D2C72D1CB67EBF00DA750C /* UIColor+randomColor.h */,
				F9D2C72E1CB67EBF00DA750C /* UIColor+randomColor.m */,
				F9D2C7111CB632C500DA750C /* UIView+DHAdd.h */,
				F9D2C7121CB632C500DA750C /* UIView+DHAdd.m */,
				F9D2C70F1CB6313A00DA750C /* PrefixHeader.pch */,
				F9D2C7101CB6326B00DA750C /* common.h */,
				F9D2C7201CB66F6B00DA750C /* DHSqliteTool.h */,
				F9D2C7211CB66F6B00DA750C /* DHSqliteTool.m */,
				F9D2C7361CB6AD5200DA750C /* NSString+DHTextSize.h */,
				F9D2C7371CB6AD5200DA750C /* NSString+DHTextSize.m */,
			);
			path = Tool;
			sourceTree = "<group>";
		};
/* End PBXGroup section */

/* Begin PBXNativeTarget section */
		F9D2C6EB1CB6282D00DA750C /* DHDriverExamOne */ = {
			isa = PBXNativeTarget;
			buildConfigurationList = F9D2C7031CB6282D00DA750C /* Build configuration list for PBXNativeTarget "DHDriverExamOne" */;
			buildPhases = (
				742FD0244790FD0A2EB4D2C1 /* Check Pods Manifest.lock */,
				F9D2C6E81CB6282D00DA750C /* Sources */,
				F9D2C6E91CB6282D00DA750C /* Frameworks */,
				F9D2C6EA1CB6282D00DA750C /* Resources */,
				5A3BC4B472080B439CC4F3BB /* Embed Pods Frameworks */,
				B10F1924CEEA86AA3ED564E3 /* Copy Pods Resources */,
			);
			buildRules = (
			);
			dependencies = (
			);
			name = DHDriverExamOne;
			productName = DHDriverExamOne;
			productReference = F9D2C6EC1CB6282D00DA750C /* DHDriverExamOne.app */;
			productType = "com.apple.product-type.application";
		};
/* End PBXNativeTarget section */

/* Begin PBXProject section */
		F9D2C6E41CB6282D00DA750C /* Project object */ = {
			isa = PBXProject;
			attributes = {
				CLASSPREFIX = DH;
				LastUpgradeCheck = 0710;
				ORGANIZATIONNAME = DH;
				TargetAttributes = {
					F9D2C6EB1CB6282D00DA750C = {
						CreatedOnToolsVersion = 7.1.1;
						DevelopmentTeam = 4Q3FA4QKTC;
					};
				};
			};
			buildConfigurationList = F9D2C6E71CB6282D00DA750C /* Build configuration list for PBXProject "DHDriverExamOne" */;
			compatibilityVersion = "Xcode 3.2";
			developmentRegion = English;
			hasScannedForEncodings = 0;
			knownRegions = (
				en,
				Base,
			);
			mainGroup = F9D2C6E31CB6282D00DA750C;
			productRefGroup = F9D2C6ED1CB6282D00DA750C /* Products */;
			projectDirPath = "";
			projectRoot = "";
			targets = (
				F9D2C6EB1CB6282D00DA750C /* DHDriverExamOne */,
			);
		};
/* End PBXProject section */

/* Begin PBXResourcesBuildPhase section */
		F9D2C6EA1CB6282D00DA750C /* Resources */ = {
			isa = PBXResourcesBuildPhase;
			buildActionMask = 2147483647;
			files = (
				F9D2C73A1CB6BAD100DA750C /* picture.bundle in Resources */,
				F9D2C6FC1CB6282D00DA750C /* Assets.xcassets in Resources */,
				F9D2C7291CB6770200DA750C /* examine.db in Resources */,
			);
			runOnlyForDeploymentPostprocessing = 0;
		};
/* End PBXResourcesBuildPhase section */

/* Begin PBXShellScriptBuildPhase section */
		5A3BC4B472080B439CC4F3BB /* Embed Pods Frameworks */ = {
			isa = PBXShellScriptBuildPhase;
			buildActionMask = 2147483647;
			files = (
			);
			inputPaths = (
			);
			name = "Embed Pods Frameworks";
			outputPaths = (
			);
			runOnlyForDeploymentPostprocessing = 0;
			shellPath = /bin/sh;
			shellScript = "\"${SRCROOT}/Pods/Target Support Files/Pods/Pods-frameworks.sh\"\n";
			showEnvVarsInLog = 0;
		};
		742FD0244790FD0A2EB4D2C1 /* Check Pods Manifest.lock */ = {
			isa = PBXShellScriptBuildPhase;
			buildActionMask = 2147483647;
			files = (
			);
			inputPaths = (
			);
			name = "Check Pods Manifest.lock";
			outputPaths = (
			);
			runOnlyForDeploymentPostprocessing = 0;
			shellPath = /bin/sh;
			shellScript = "diff \"${PODS_ROOT}/../Podfile.lock\" \"${PODS_ROOT}/Manifest.lock\" > /dev/null\nif [[ $? != 0 ]] ; then\n    cat << EOM\nerror: The sandbox is not in sync with the Podfile.lock. Run 'pod install' or update your CocoaPods installation.\nEOM\n    exit 1\nfi\n";
			showEnvVarsInLog = 0;
		};
		B10F1924CEEA86AA3ED564E3 /* Copy Pods Resources */ = {
			isa = PBXShellScriptBuildPhase;
			buildActionMask = 2147483647;
			files = (
			);
			inputPaths = (
			);
			name = "Copy Pods Resources";
			outputPaths = (
			);
			runOnlyForDeploymentPostprocessing = 0;
			shellPath = /bin/sh;
			shellScript = "\"${SRCROOT}/Pods/Target Support Files/Pods/Pods-resources.sh\"\n";
			showEnvVarsInLog = 0;
		};
/* End PBXShellScriptBuildPhase section */

/* Begin PBXSourcesBuildPhase section */
		F9D2C6E81CB6282D00DA750C /* Sources */ = {
			isa = PBXSourcesBuildPhase;
			buildActionMask = 2147483647;
			files = (
				F9D2C72F1CB67EBF00DA750C /* UIColor+randomColor.m in Sources */,
				F9C8410A1CB8158A00C1965F /* DHChapterExerciseViewController.m in Sources */,
				F9D2C6F41CB6282D00DA750C /* AppDelegate.m in Sources */,
				F9D2C70E1CB630ED00DA750C /* DHNavController.m in Sources */,
				F95F56E81CB895E300A70613 /* DHMainTableViewCell.m in Sources */,
				F9D2C7251CB6708300DA750C /* DHDriverExam.m in Sources */,
				F9C841071CB772A600C1965F /* DHChooseAnswerView.m in Sources */,
				F9D2C7131CB632C500DA750C /* UIView+DHAdd.m in Sources */,
				F9D2C7381CB6AD5200DA750C /* NSString+DHTextSize.m in Sources */,
				F9C8410D1CB815D900C1965F /* DHChapterExercise.m in Sources */,
				F9D2C7161CB6345500DA750C /* DHMainViewController.m in Sources */,
				F9D2C6F11CB6282D00DA750C /* main.m in Sources */,
				F9D2C72C1CB67D3800DA750C /* DHExamCollectionViewCell.m in Sources */,
				F95F56EB1CB8980100A70613 /* DHChapterBasicController.m in Sources */,
				F9D2C7221CB66F6B00DA750C /* DHSqliteTool.m in Sources */,
				F95F56EE1CB89C4600A70613 /* DHCategoryController.m in Sources */,
				F9D2C7321CB68A7000DA750C /* DHQuestionView.m in Sources */,
				F9D2C71F1CB66B4D00DA750C /* DHExamViewController.m in Sources */,
			);
			runOnlyForDeploymentPostprocessing = 0;
		};
/* End PBXSourcesBuildPhase section */

/* Begin XCBuildConfiguration section */
		F9D2C7011CB6282D00DA750C /* Debug */ = {
			isa = XCBuildConfiguration;
			buildSettings = {
				ALWAYS_SEARCH_USER_PATHS = NO;
				CLANG_CXX_LANGUAGE_STANDARD = "gnu++0x";
				CLANG_CXX_LIBRARY = "libc++";
				CLANG_ENABLE_MODULES = YES;
				CLANG_ENABLE_OBJC_ARC = YES;
				CLANG_WARN_BOOL_CONVERSION = YES;
				CLANG_WARN_CONSTANT_CONVERSION = YES;
				CLANG_WARN_DIRECT_OBJC_ISA_USAGE = YES_ERROR;
				CLANG_WARN_EMPTY_BODY = YES;
				CLANG_WARN_ENUM_CONVERSION = YES;
				CLANG_WARN_INT_CONVERSION = YES;
				CLANG_WARN_OBJC_ROOT_CLASS = YES_ERROR;
				CLANG_WARN_UNREACHABLE_CODE = YES;
				CLANG_WARN__DUPLICATE_METHOD_MATCH = YES;
				"CODE_SIGN_IDENTITY[sdk=iphoneos*]" = "iPhone Developer";
				COPY_PHASE_STRIP = NO;
				DEBUG_INFORMATION_FORMAT = dwarf;
				ENABLE_STRICT_OBJC_MSGSEND = YES;
				ENABLE_TESTABILITY = YES;
				GCC_C_LANGUAGE_STANDARD = gnu99;
				GCC_DYNAMIC_NO_PIC = NO;
				GCC_NO_COMMON_BLOCKS = YES;
				GCC_OPTIMIZATION_LEVEL = 0;
				GCC_PREPROCESSOR_DEFINITIONS = (
					"DEBUG=1",
					"$(inherited)",
				);
				GCC_WARN_64_TO_32_BIT_CONVERSION = YES;
				GCC_WARN_ABOUT_RETURN_TYPE = YES_ERROR;
				GCC_WARN_UNDECLARED_SELECTOR = YES;
				GCC_WARN_UNINITIALIZED_AUTOS = YES_AGGRESSIVE;
				GCC_WARN_UNUSED_FUNCTION = YES;
				GCC_WARN_UNUSED_VARIABLE = YES;
				IPHONEOS_DEPLOYMENT_TARGET = 9.1;
				MTL_ENABLE_DEBUG_INFO = YES;
				ONLY_ACTIVE_ARCH = YES;
				SDKROOT = iphoneos;
			};
			name = Debug;
		};
		F9D2C7021CB6282D00DA750C /* Release */ = {
			isa = XCBuildConfiguration;
			buildSettings = {
				ALWAYS_SEARCH_USER_PATHS = NO;
				CLANG_CXX_LANGUAGE_STANDARD = "gnu++0x";
				CLANG_CXX_LIBRARY = "libc++";
				CLANG_ENABLE_MODULES = YES;
				CLANG_ENABLE_OBJC_ARC = YES;
				CLANG_WARN_BOOL_CONVERSION = YES;
				CLANG_WARN_CONSTANT_CONVERSION = YES;
				CLANG_WARN_DIRECT_OBJC_ISA_USAGE = YES_ERROR;
				CLANG_WARN_EMPTY_BODY = YES;
				CLANG_WARN_ENUM_CONVERSION = YES;
				CLANG_WARN_INT_CONVERSION = YES;
				CLANG_WARN_OBJC_ROOT_CLASS = YES_ERROR;
				CLANG_WARN_UNREACHABLE_CODE = YES;
				CLANG_WARN__DUPLICATE_METHOD_MATCH = YES;
				"CODE_SIGN_IDENTITY[sdk=iphoneos*]" = "iPhone Developer";
				COPY_PHASE_STRIP = NO;
				DEBUG_INFORMATION_FORMAT = "dwarf-with-dsym";
				ENABLE_NS_ASSERTIONS = NO;
				ENABLE_STRICT_OBJC_MSGSEND = YES;
				GCC_C_LANGUAGE_STANDARD = gnu99;
				GCC_NO_COMMON_BLOCKS = YES;
				GCC_WARN_64_TO_32_BIT_CONVERSION = YES;
				GCC_WARN_ABOUT_RETURN_TYPE = YES_ERROR;
				GCC_WARN_UNDECLARED_SELECTOR = YES;
				GCC_WARN_UNINITIALIZED_AUTOS = YES_AGGRESSIVE;
				GCC_WARN_UNUSED_FUNCTION = YES;
				GCC_WARN_UNUSED_VARIABLE = YES;
				IPHONEOS_DEPLOYMENT_TARGET = 9.1;
				MTL_ENABLE_DEBUG_INFO = NO;
				SDKROOT = iphoneos;
				VALIDATE_PRODUCT = YES;
			};
			name = Release;
		};
		F9D2C7041CB6282D00DA750C /* Debug */ = {
			isa = XCBuildConfiguration;
			baseConfigurationReference = BF839E23788B1B14DD8877EF /* Pods.debug.xcconfig */;
			buildSettings = {
				ASSETCATALOG_COMPILER_APPICON_NAME = AppIcon;
				ASSETCATALOG_COMPILER_LAUNCHIMAGE_NAME = "Brand Assets";
				GCC_PRECOMPILE_PREFIX_HEADER = YES;
				GCC_PREFIX_HEADER = DHDriverExamOne/Classes/Tool/PrefixHeader.pch;
				INFOPLIST_FILE = DHDriverExamOne/Info.plist;
				IPHONEOS_DEPLOYMENT_TARGET = 9.1;
				LD_RUNPATH_SEARCH_PATHS = "$(inherited) @executable_path/Frameworks";
				PRODUCT_BUNDLE_IDENTIFIER = cn.edu.czu.DHDriverExamOne;
				PRODUCT_NAME = "$(TARGET_NAME)";
			};
			name = Debug;
		};
		F9D2C7051CB6282D00DA750C /* Release */ = {
			isa = XCBuildConfiguration;
			baseConfigurationReference = B4DB430DCACC531DF3BF5ABB /* Pods.release.xcconfig */;
			buildSettings = {
				ASSETCATALOG_COMPILER_APPICON_NAME = AppIcon;
				ASSETCATALOG_COMPILER_LAUNCHIMAGE_NAME = "Brand Assets";
				GCC_PRECOMPILE_PREFIX_HEADER = YES;
				GCC_PREFIX_HEADER = DHDriverExamOne/Classes/Tool/PrefixHeader.pch;
				INFOPLIST_FILE = DHDriverExamOne/Info.plist;
				IPHONEOS_DEPLOYMENT_TARGET = 9.1;
				LD_RUNPATH_SEARCH_PATHS = "$(inherited) @executable_path/Frameworks";
				PRODUCT_BUNDLE_IDENTIFIER = cn.edu.czu.DHDriverExamOne;
				PRODUCT_NAME = "$(TARGET_NAME)";
			};
			name = Release;
		};
/* End XCBuildConfiguration section */

/* Begin XCConfigurationList section */
		F9D2C6E71CB6282D00DA750C /* Build configuration list for PBXProject "DHDriverExamOne" */ = {
			isa = XCConfigurationList;
			buildConfigurations = (
				F9D2C7011CB6282D00DA750C /* Debug */,
				F9D2C7021CB6282D00DA750C /* Release */,
			);
			defaultConfigurationIsVisible = 0;
			defaultConfigurationName = Release;
		};
		F9D2C7031CB6282D00DA750C /* Build configuration list for PBXNativeTarget "DHDriverExamOne" */ = {
			isa = XCConfigurationList;
			buildConfigurations = (
				F9D2C7041CB6282D00DA750C /* Debug */,
				F9D2C7051CB6282D00DA750C /* Release */,
			);
			defaultConfigurationIsVisible = 0;
			defaultConfigurationName = Release;
		};
/* End XCConfigurationList section */
	};
	rootObject = F9D2C6E41CB6282D00DA750C /* Project object */;
}
